version = 1
revision = 3
requires-python = ">=3.12.5"

[[package]]
name = "pyline"
version = "0.1.0"
source = { virtual = "." }
dependencies = [
    { name = "sonolus-py" },
]

[package.metadata]
requires-dist = [{ name = "sonolus-py", specifier = ">=1.2.3" }]

[[package]]
name = "sonolus-py"
version = "1.2.3"
source = { registry = "https://pypi.org/simple" }
sdist = { url = "https://files.pythonhosted.org/packages/a3/6c/b3177f6a0e40a90a1c000928367809af9c9ba30b1f08425e140dd87ee8c7/sonolus_py-1.2.3.tar.gz", hash = "sha256:3edd4c1efc6ad1f92a219206f7d6872587747086fda4eec62d3a5619fe3f3178", size = 355377, upload-time = "2026-09-07T21:02:42.623Z" }
wheels = [
    { url = "https://files.pythonhosted.org/packages/2b/14/badf5b4fddfd16231e82f3661ea257be92607200e7f1a2af824a1c1b22f9/sonolus_py-1.2.3-cp312-cp312-macosx_11_0_arm64.whl", hash = "sha256:fb539f11ad9055ea6c6ec29892e761b3d0f9375181d6fa3fbae77db2c090c5a6", size = 1044237, upload-time = "2026-09-07T21:01:55.156Z" },
    { url = "https://files.pythonhosted.org/packages/68/da/82a38ba484d96a3b6151e87ea55769140b430a87e678f98d06b9195040eb/sonolus_py-1.2.3-cp312-cp312-manylinux_2_24_aarch64.manylinux_2_28_aarch64.whl", hash = "sha256:49e5b9b8b907d979ea5c487f59eb3d82d6ba7fb9855a1a3c2061e334aa8a3591", size = 5620967, upload-time = "2026-09-07T21:01:57.421Z" },
    { url = "https://files.pythonhosted.org/packages/58/7a/b81a6dc57076ae7a330d00db30b241c4f438c26c2e5a2c15d0f33e2018bc/sonolus_py-1.2.3-cp312-cp312-manylinux_2_24_x86_64.manylinux_2_28_x86_64.whl", hash = "sha256:afd2133933e3d598f346199cb3e2b67fe50402bb7db0df5bd1206af09c2f3fec", size = 5747873, upload-time = "2026-09-07T21:01:59.603Z" },
    { url = "https://files.pythonhosted.org/packages/ad/8d/94f498d1a1ba45be5cf8760125c9679647f60f09222e95cdae28972e451d/sonolus_py-1.2.3-cp312-cp312-musllinux_1_2_aarch64.whl", hash = "sha256:70ca5eeb5c0bcbf92e26ef6ef66ac7248eda49723adea697bbf291e7ecaafce7", size = 6497412, upload-time = "2026-09-07T21:02:01.264Z" },
    { url = "https://files.pythonhosted.org/packages/eb/d5/b2fb5970f684c44101af7f7951578e28801c1fecaac51a29025049ab79c5/sonolus_py-1.2.3-cp312-cp312-musllinux_1_2_x86_64.whl", hash = "sha256:c18fa8f98c5eaebda25344fc16f1006d4ac4d3e7712d779b0e6cd232e60de639", size = 6764112, upload-time = "2026-09-07T21:02:02.818Z" },
    { url = "https://files.pythonhosted.org/packages/93/b2/437953dc9b0d7624e215492854c0753cce9220ad86e0771169c5d2365b21/sonolus_py-1.2.3-cp312-cp312-win_amd64.whl", hash = "sha256:6036725783083ddfce299775346931d7c7c4b32afb595a38a2cf334debe6685d", size = 1132175, upload-time = "2026-09-07T21:02:04.633Z" },
    { url = "https://files.pythonhosted.org/packages/97/7d/2a98efa597727dd1fb0fac792608c7c1b373918369d68a3e171877dac9e5/sonolus_py-1.2.3-cp312-cp312-win_arm64.whl", hash = "sha256:509c523ce9c89ba341a40e3c6c385286c388849374e5f5bd2bc092b50e8a20ed", size = 1210346, upload-time = "2026-09-07T21:02:06.519Z" },
    { url = "https://files.pythonhosted.org/packages/24/05/3bf5746f96a1ef1543d0b446dd65ab2d34c88534463002df17879ff34465/sonolus_py-1.2.3-cp313-cp313-macosx_11_0_arm64.whl", hash = "sha256:4edf767d7542d0b7285d84cc75e767532c250d6e7945f6ecae6e53003afdce7d", size = 1071037, upload-time = "2026-09-07T21:02:07.839Z" },
    { url = "https://files.pythonhosted.org/packages/c9/8b/3ed2faf5f5649a973bc9b43b791b3a67eecb3aa5f695c9dc5a4725e52be0/sonolus_py-1.2.3-cp313-cp313-manylinux_2_24_aarch64.manylinux_2_28_aarch64.whl", hash = "sha256:21599ca45dc5ed4d4a62a3b8acaf1f652a8579db358338a5e98d05fc9d196cbd", size = 5571258, upload-time = "2026-09-07T21:02:09.387Z" },
    { url = "https://files.pythonhosted.org/packages/2d/b4/8d6b4e18f5a00935a5759f455754b4c79ccf1b26d85d4ceeecfad481b8f7/sonolus_py-1.2.3-cp313-cp313-manylinux_2_24_x86_64.manylinux_2_28_x86_64.whl", hash = "sha256:89962eba57a439cfad3374b33bed06d94d2c7ad5859e201990778f74b35eba3b", size = 5701571, upload-time = "2026-09-07T21:02:11.144Z" },
    { url = "https://files.pythonhosted.org/packages/48/30/e18510ad41b207f3f2ca72c3ada2bde2ee2e480278e9b998e6f1c04368bf/sonolus_py-1.2.3-cp313-cp313-musllinux_1_2_aarch64.whl", hash = "sha256:0b85780dd9def4eb0b8e4157ebf461c1200bfa91469d3b33614ef4d2b610a941", size = 6455203, upload-time = "2026-09-07T21:02:13.362Z" },
    { url = "https://files.pythonhosted.org/packages/11/9f/73de9ac3bc1579e4d796c9b65c90a2cd513be66a91bc076bc59b6fc5e211/sonolus_py-1.2.3-cp313-cp313-musllinux_1_2_x86_64.whl", hash = "sha256:e7c9cee5b780fa5e301542358cf9e9157c7b89766a014f230885a62a84ee1806", size = 6716678, upload-time = "2026-09-07T21:02:15.101Z" },
    { url = "https://files.pythonhosted.org/packages/84/e3/75c9f84c891fd81b1c224e9c983ea9bfb1d920c53d92b06d532b6580c8f4/sonolus_py-1.2.3-cp313-cp313-win_amd64.whl", hash = "sha256:9b4db5d660655302535d35be2a79746e6f87fb18c9ef48a7c8184700ac238fa7", size = 1127481, upload-time = "2026-09-07T21:02:17.025Z" },
    { url = "https://files.pythonhosted.org/packages/4c/c2/259a1d06608bb174b7d559f5ae2c872977bb1ec25aedc5d57ac0c867561f/sonolus_py-1.2.3-cp313-cp313-win_arm64.whl", hash = "sha256:9abec9ff7f9b38867bbd9cea5ccfb11881b2ffadcd2d881ad4c9362f8da909d0", size = 1207922, upload-time = "2026-09-07T21:02:18.676Z" },
    { url = "https://files.pythonhosted.org/packages/26/85/b9fceb9074000624686ccfbf9362235056b890fa188e279c52c07b2b9e87/sonolus_py-1.2.3-cp314-cp314-macosx_11_0_arm64.whl", hash = "sha256:cd625e1da033eff40416317ce03fbe17c0bef129b4b0864b7341e0c55961ee2d", size = 1079658, upload-time = "2026-09-07T21:02:20.271Z" },
    { url = "https://files.pythonhosted.org/packages/22/41/9770865ea6adda2ba3add3736783758ac24f677692446359afaf058dad77/sonolus_py-1.2.3-cp314-cp314-manylinux_2_24_aarch64.manylinux_2_28_aarch64.whl", hash = "sha256:ae868f3d7954cf812ac5ac05edd8a34d3583e0f6ea0d69a4d1f591d750b676a1", size = 5575805, upload-time = "2026-09-07T21:02:21.669Z" },
    { url = "https://files.pythonhosted.org/packages/f3/61/1631bcd9411bca677b8cf3caaa590eb0bf1686a621b5bd86543f9a84c445/sonolus_py-1.2.3-cp314-cp314-manylinux_2_24_x86_64.manylinux_2_28_x86_64.whl", hash = "sha256:f8c258b5a334835c50647cf9d24b93acb816e327528acd30e4449a6dc05c35c0", size = 5649562, upload-time = "2026-09-07T21:02:23.251Z" },
    { url = "https://files.pythonhosted.org/packages/6b/bd/b660d1ea5b2a16732b92fe6dd80899c21210b7ad1d20b1e0a1991f070aad/sonolus_py-1.2.3-cp314-cp314-musllinux_1_2_aarch64.whl", hash = "sha256:3fe59b288dd14ea0e8c7c6ef1dceb68ac5cc72ac85d73e328eb9f10f196037e3", size = 6464628, upload-time = "2026-09-07T21:02:24.967Z" },
    { url = "https://files.pythonhosted.org/packages/c3/ff/92a17925780c376edb1cad31e06637c62446dd3a200cae9522fde9b86dc5/sonolus_py-1.2.3-cp314-cp314-musllinux_1_2_x86_64.whl", hash = "sha256:6b01685d37a77f4f05fa20cbbfdbd45daa61190a3083b3dd5c1a9497957a4fcc", size = 6679363, upload-time = "2026-09-07T21:02:27.029Z" },
    { url = "https://files.pythonhosted.org/packages/f6/60/e4f86845300f1cf80f8cd3da18210dfa0c21a852e6e74b77e6ba52975dd5/sonolus_py-1.2.3-cp314-cp314-win_amd64.whl", hash = "sha256:37193f6c96c75e225c633b1bd3993c8eb3d25d90435002cdc2cf6a20107a5c2a", size = 1153687, upload-time = "2026-09-07T21:02:28.616Z" },
    { url = "https://files.pythonhosted.org/packages/48/9f/c488e10a9bbb2e073bbc35ea5b93e5c131c78c63884c69cb53d2738e1e9f/sonolus_py-1.2.3-cp314-cp314-win_arm64.whl", hash = "sha256:6d39ce189cf44d4a00e9d3ab4504d2cf3c6745c59168b201192601e60bda14eb", size = 1245727, upload-time = "2026-09-07T21:02:29.988Z" },
    { url = "https://files.pythonhosted.org/packages/bd/32/12bc5bd114f764b52e7cf0848cbc6a41a5c556ac368b70f23047a27bfa21/sonolus_py-1.2.3-cp315-cp315-macosx_11_0_arm64.whl", hash = "sha256:6d37e216ce8f0c14772f503c2a98e6f0a83eee4e1f44ed3d619962129fea9055", size = 1077874, upload-time = "2026-09-07T21:02:31.275Z" },
    { url = "https://files.pythonhosted.org/packages/51/aa/4dfd64acdf914aa44c0f8a333d0354866f0e7af734442797f82a1c96ca63/sonolus_py-1.2.3-cp315-cp315-manylinux_2_24_aarch64.manylinux_2_28_aarch64.whl", hash = "sha256:034179155a0567661d14f305fb1ee0a5aa7e2680c045a2b0bca611838aa52e22", size = 5566820, upload-time = "2026-09-07T21:02:32.791Z" },
    { url = "https://files.pythonhosted.org/packages/4b/90/e1315c46ac5bde737a536c4b119be309c0937d5f6d127d83f1e3819d3eaf/sonolus_py-1.2.3-cp315-cp315-manylinux_2_24_x86_64.manylinux_2_28_x86_64.whl", hash = "sha256:31ff57ba2731a00efaad2ba7e8a791f39d5bbadcb1308ee2f1893fbc833a4ead", size = 5661552, upload-time = "2026-09-07T21:02:34.437Z" },
    { url = "https://files.pythonhosted.org/packages/40/04/1e2ab242df8ac945abcdf7d87f85e6f7e28cd2136588a764769f24086e90/sonolus_py-1.2.3-cp315-cp315-musllinux_1_2_aarch64.whl", hash = "sha256:0b6b954af4235b87268c1894840bf18c469c65512b81c51c0e8b7e11df924663", size = 6454419, upload-time = "2026-09-07T21:02:36.123Z" },
    { url = "https://files.pythonhosted.org/packages/e2/18/2a057a8607403784ba10559be73047f61e5d269a695074bac4d01b53dc23/sonolus_py-1.2.3-cp315-cp315-musllinux_1_2_x86_64.whl", hash = "sha256:094571ee1252e464cb1dbfb5d91dfe77a2bb6c3d089e7eccd421fd851267a3b4", size = 6687392, upload-time = "2026-09-07T21:02:38.047Z" },
    { url = "https://files.pythonhosted.org/packages/f5/42/f8d11e7a93cb7d1a933da9fbc0381da2f454399c242c06f14d2cebb4ac41/sonolus_py-1.2.3-cp315-cp315-win_amd64.whl", hash = "sha256:ccb9b091ca1fc0f65d71ae15ad3e0aa38e449d73c99c85143137e9ceb0a79d77", size = 1153407, upload-time = "2026-09-07T21:02:39.576Z" },
    { url = "https://files.pythonhosted.org/packages/7e/79/423eaa0978d1a9af917a9d26039a24d3e9db417f51633d2bbf5e6b36a5b0/sonolus_py-1.2.3-cp315-cp315-win_arm64.whl", hash = "sha256:e424bcdb3c8f7eaf02663bbd736ebe3fa54b7a8bc1a5429977e7e1cdab05892f", size = 1245907, upload-time = "2026-09-07T21:02:41.235Z" },
]
