version = 1
revision = 3
requires-python = ">=3.12.5"

[[package]]
name = "pyline"
version = "0.1.0"
source = { virtual = "." }
dependencies = [
    { name = "sonolus-py" },
]

[package.metadata]
requires-dist = [{ name = "sonolus-py", specifier = ">=0.19.1" }]

[[package]]
name = "sonolus-py"
version = "0.19.1"
source = { registry = "https://pypi.org/simple" }
sdist = { url = "https://files.pythonhosted.org/packages/22/46/d6dbd3e9c033bd303547ff08f0da5b1d85978da23bf8c93b53d81871b51a/sonolus_py-0.19.1.tar.gz", hash = "sha256:904b93880d08fb51f82902a3df23b119ec68f365f21bec8ddc2d99ad0b9f2506", size = 343808, upload-time = "2026-08-15T08:45:54.117Z" }
wheels = [
    { url = "https://files.pythonhosted.org/packages/e3/f2/f13a0d82f8dd7257cd17068fb84d016296839bce1c0a95cac3474a47adef/sonolus_py-0.19.1-cp312-cp312-macosx_11_0_arm64.whl", hash = "sha256:b51e76387b434922a9e0c181308b34c35133d2842734badf758451e59e0a6c28", size = 936637, upload-time = "2026-08-15T08:45:22.484Z" },
    { url = "https://files.pythonhosted.org/packages/3b/17/5d0daafe3795ec64ee00652fbb0ff7cff0f80556faf4fa96c2082670c329/sonolus_py-0.19.1-cp312-cp312-manylinux2014_aarch64.manylinux_2_17_aarch64.manylinux_2_28_aarch64.whl", hash = "sha256:8c99563cf5efd9e7e04da1b2f1d9839b5deec8619030c30c0ce251fb6fd5d41e", size = 4889769, upload-time = "2026-08-15T08:45:23.899Z" },
    { url = "https://files.pythonhosted.org/packages/96/4b/cce40f9cc876e6348547a9bd4f5b1070a9a158d072b1f64d4932fd0bc320/sonolus_py-0.19.1-cp312-cp312-manylinux2014_x86_64.manylinux_2_17_x86_64.manylinux_2_28_x86_64.whl", hash = "sha256:aa19a015151165e6e8b24f617d240f2af0f04ac70699b0c65e85b57c08a6c619", size = 5002383, upload-time = "2026-08-15T08:45:25.385Z" },
    { url = "https://files.pythonhosted.org/packages/92/73/ce16b5cf389c51f34bb8cda394b712af7ade3171a7c8b4e09cc95dfd9b0b/sonolus_py-0.19.1-cp312-cp312-musllinux_1_2_aarch64.whl", hash = "sha256:3f5fcad75c0dbf932f1692466f7b4497770bb0363b09dceeb8a16e107cf7eedc", size = 4859589, upload-time = "2026-08-15T08:45:26.844Z" },
    { url = "https://files.pythonhosted.org/packages/58/75/532be2a2828430d08abf176b9fde812ebfbe5134a59ab7611b8f9a8e3e79/sonolus_py-0.19.1-cp312-cp312-musllinux_1_2_x86_64.whl", hash = "sha256:74236fc24433d457db53547941e5c4da075e0a4be92745373489a3d058daedf0", size = 4985587, upload-time = "2026-08-15T08:45:28.401Z" },
    { url = "https://files.pythonhosted.org/packages/2e/ed/ffc4f526c38b640de53b92d8c891b326b5b97acf6d0685a5ec1e944cca8d/sonolus_py-0.19.1-cp312-cp312-win_amd64.whl", hash = "sha256:c119dae0e1cb312c64c9076920871db2d3a4a50757954049fd65986b15fd9e13", size = 851096, upload-time = "2026-08-15T08:45:29.934Z" },
    { url = "https://files.pythonhosted.org/packages/ce/bb/564554727a6e5fd6ba6ec0b0258d4d18e7b3b599395edeb7f94f3704f6e9/sonolus_py-0.19.1-cp312-cp312-win_arm64.whl", hash = "sha256:08fa3526a6fa7304049611baa444d9e907c806723559dcce28f60edaab0c31db", size = 762383, upload-time = "2026-08-15T08:45:31.291Z" },
    { url = "https://files.pythonhosted.org/packages/71/d1/70ad079f7fb980d0b76f40686dda38606ff86f6121d1295055a7c4ddc28c/sonolus_py-0.19.1-cp313-cp313-macosx_11_0_arm64.whl", hash = "sha256:d4e0bbd0d1a96873d1b211a768583e18e6f3803a4c63014763cab5477b0bc5c8", size = 932999, upload-time = "2026-08-15T08:45:32.497Z" },
    { url = "https://files.pythonhosted.org/packages/88/ff/167fe508ef660c0030fabfa1c41f6d0494ac29865b8403a4dd455dfbc08b/sonolus_py-0.19.1-cp313-cp313-manylinux2014_aarch64.manylinux_2_17_aarch64.manylinux_2_28_aarch64.whl", hash = "sha256:3ff6fc7c51915de483f51781cd5c660aeace25d530109d55f1b863471082b154", size = 4834034, upload-time = "2026-08-15T08:45:33.964Z" },
    { url = "https://files.pythonhosted.org/packages/67/a1/5333d7953e07d6d81ecf53a844c900f8a57b4df9e575422d3cdfc9f71c81/sonolus_py-0.19.1-cp313-cp313-manylinux2014_x86_64.manylinux_2_17_x86_64.manylinux_2_28_x86_64.whl", hash = "sha256:f1333d6c3688c0c4ea6c8871a085128f6bb494054f4d1b62be52a331367b63b6", size = 4949775, upload-time = "2026-08-15T08:45:35.54Z" },
    { url = "https://files.pythonhosted.org/packages/c2/73/34a97f82c4547c63f51ec54cb5566e55628b03b06638aab42ad572f40c29/sonolus_py-0.19.1-cp313-cp313-musllinux_1_2_aarch64.whl", hash = "sha256:836e9f821a874309196ef878ef618b1fbf4987236ac77502eebaa698a11c1968", size = 4814386, upload-time = "2026-08-15T08:45:37.034Z" },
    { url = "https://files.pythonhosted.org/packages/a9/56/f06de1479cff7cab837d2b79199aaadeafdf00b04762ee2e509406c81abf/sonolus_py-0.19.1-cp313-cp313-musllinux_1_2_x86_64.whl", hash = "sha256:bba39a040d5f128fb282c0f9c1f7d608edbf3ffbc2072208bab7378c30850c15", size = 4929511, upload-time = "2026-08-15T08:45:38.463Z" },
    { url = "https://files.pythonhosted.org/packages/66/be/d6fecd3f695a3e739c548ba5d747975d2149621f488ba9693c239e2b85eb/sonolus_py-0.19.1-cp313-cp313-win_amd64.whl", hash = "sha256:72f9526baae511026ff5d08af32ce9ac5ff52481bb3aeb34093dec20535ab8db", size = 846261, upload-time = "2026-08-15T08:45:39.916Z" },
    { url = "https://files.pythonhosted.org/packages/3c/4d/6f3f19a081f89f879576632fd3e59f90ef03f8a767785d4c64235323766d/sonolus_py-0.19.1-cp313-cp313-win_arm64.whl", hash = "sha256:c55403e4175e58ef1adc1f1bbd54bd18ba82b31eaf58a12f4680380afb4d1cdd", size = 758896, upload-time = "2026-08-15T08:45:41.263Z" },
    { url = "https://files.pythonhosted.org/packages/8b/35/691bc1f6ab280e2d2767e624e97c81690efd4bab3eff7995740cbffa28e8/sonolus_py-0.19.1-cp314-cp314-macosx_11_0_arm64.whl", hash = "sha256:6f5ee93edae113f2cced4d11de2a88effbea60b5c461828de3e5469649da8eff", size = 938758, upload-time = "2026-08-15T08:45:43.008Z" },
    { url = "https://files.pythonhosted.org/packages/fe/df/b459ee7edc486e0b5c763d180925c7dc05651f1b5ae8c173306b297947f1/sonolus_py-0.19.1-cp314-cp314-manylinux2014_aarch64.manylinux_2_17_aarch64.manylinux_2_28_aarch64.whl", hash = "sha256:790f14fa6f901ff46772a71d992a90d62e5f4cf7cacc18838d43e776394ed181", size = 4841288, upload-time = "2026-08-15T08:45:44.543Z" },
    { url = "https://files.pythonhosted.org/packages/2e/97/0cdf207728c0d0da5ec353b14742d79dece179079c53876d375122111925/sonolus_py-0.19.1-cp314-cp314-manylinux2014_x86_64.manylinux_2_17_x86_64.manylinux_2_28_x86_64.whl", hash = "sha256:28f4b0c0a65f98aa403103f9c5f45adcddae274dbfd00f53bed36cf6265effc4", size = 4907573, upload-time = "2026-08-15T08:45:46.305Z" },
    { url = "https://files.pythonhosted.org/packages/1f/01/9804de83239602c7294024f5740bce7ac90c525658d17f1ea2593810ead7/sonolus_py-0.19.1-cp314-cp314-musllinux_1_2_aarch64.whl", hash = "sha256:1866ae6342500a6629f32c4b298f4da2deb3834c0d444aeef5e24af896df5ae8", size = 4828547, upload-time = "2026-08-15T08:45:48.097Z" },
    { url = "https://files.pythonhosted.org/packages/c4/a4/28060c47ef9504f0b28c233e12c2fe3ba1e4f30e00d035ea4acfb2d3a342/sonolus_py-0.19.1-cp314-cp314-musllinux_1_2_x86_64.whl", hash = "sha256:1c442d2eaf3ba7d8e45268e7e0612533cb9e1e8e593ff03610277db932d876f5", size = 4895885, upload-time = "2026-08-15T08:45:49.82Z" },
    { url = "https://files.pythonhosted.org/packages/5a/1c/af9dc9dbb61a555f791c6fa7bf6c0891cc3dff976c7795563046f6fb40aa/sonolus_py-0.19.1-cp314-cp314-win_amd64.whl", hash = "sha256:8bada2669720843c7f9725b9ae22d71f3b508231d31f67f779a6ed46e02ad7af", size = 863256, upload-time = "2026-08-15T08:45:51.751Z" },
    { url = "https://files.pythonhosted.org/packages/58/57/e8a53a90698e4ea3de8392a54d388fc89ccb0a636100f16d45a19c5b01e7/sonolus_py-0.19.1-cp314-cp314-win_arm64.whl", hash = "sha256:910ccfb6cde990643c8cdeae1d025401d4a28ad5fa3700ba96d070552648c38f", size = 779939, upload-time = "2026-08-15T08:45:53.019Z" },
]
