version = 1
revision = 3
requires-python = ">=3.12.5"

[[package]]
name = "pyline"
version = "0.1.0"
source = { virtual = "." }
dependencies = [
    { name = "sonolus-py" },
]

[package.metadata]
requires-dist = [{ name = "sonolus-py", specifier = ">=0.14.5" }]

[[package]]
name = "sonolus-py"
version = "0.14.5"
source = { registry = "https://pypi.org/simple" }
sdist = { url = "https://files.pythonhosted.org/packages/82/90/ed2de434f6c8766020b7f3b28aa00e61c7e1c4d3acdcadbe45885ff8a75f/sonolus_py-0.14.5.tar.gz", hash = "sha256:a9bc8839a49e09aa708b497688ccfd9d6e5e3db435818f6dde319b6241074c0d", size = 4768361, upload-time = "2026-03-07T08:37:16.833Z" }
wheels = [
    { url = "https://files.pythonhosted.org/packages/0b/6c/4681efada6e1d5da71fdf2279c90939f5fc66030638e0db88fefb0c2ad82/sonolus_py-0.14.5-py3-none-any.whl", hash = "sha256:25a4f6a464658e9100a7e56a4bdbb70f51c73465c6efe16758f5dd17b4ff99d4", size = 199364, upload-time = "2026-03-07T08:37:15.259Z" },
]
